
Microsoft Visual Studio Solution File, Format Version 12.00
# Visual Studio 15
VisualStudioVersion = 15.0.27703.2047
MinimumVisualStudioVersion = 10.0.40219.1
Project("{FAE04EC0-301F-11D3-BF4B-00C04F79EFBC}") = "CS3280_GroupProject", "CS3280_GroupProject\CS3280_GroupProject.csproj", "{9BDA82A4-41D0-433B-9C44-F94967C16475}"
EndProject
Global
	GlobalSection(SolutionConfigurationPlatforms) = preSolution
		Debug|Any CPU = Debug|Any CPU
		Release|Any CPU = Release|Any CPU
	EndGlobalSection
	GlobalSection(ProjectConfigurationPlatforms) = postSolution
		{9BDA82A4-41D0-433B-9C44-F94967C16475}.Debug|Any CPU.ActiveCfg = Debug|Any CPU
		{9BDA82A4-41D0-433B-9C44-F94967C16475}.Debug|Any CPU.Build.0 = Debug|Any CPU
		{9BDA82A4-41D0-433B-9C44-F94967C16475}.Release|Any CPU.ActiveCfg = Release|Any CPU
		{9BDA82A4-41D0-433B-9C44-F94967C16475}.Release|Any CPU.Build.0 = Release|Any CPU
	EndGlobalSection
	GlobalSection(SolutionProperties) = preSolution
		HideSolutionNode = FALSE
	EndGlobalSection
	GlobalSection(ExtensibilityGlobals) = postSolution
		SolutionGuid = {DDA3F421-E639-499A-A251-3582EA7E96CB}
	EndGlobalSection
EndGlobal
